{
  "name": "full-stack-share",
  "version": "1.0.0",
  "lockfileVersion": 1,
  "requires": true,
  "dependencies": {
    "cyia-ngx-common": {
      "version": "10.0.0",
      "resolved": "https://registry.npm.taobao.org/cyia-ngx-common/download/cyia-ngx-common-10.0.0.tgz",
      "integrity": "sha1-jHq6hFm8EuUBWCmqlmCeuWwtvro=",
      "requires": {
        "tslib": "^2.0.0"
      }
    },
    "tslib": {
      "version": "2.0.1",
      "resolved": "https://registry.npm.taobao.org/tslib/download/tslib-2.0.1.tgz",
      "integrity": "sha1-QQ6w0RPltjVkkO7HSWA3JbAhtD4="
    }
  }
}
